
Microsoft Visual Studio Solution File, Format Version 12.00
# Visual Studio Version 16
VisualStudioVersion = 25.0.1706.8
MinimumVisualStudioVersion = 10.0.40219.1
Project("{FAE04EC0-301F-11D3-BF4B-00C04F79EFBC}") = "APApiDbS2024InClass", "APApiDbS2024InClass\APApiDbS2024InClass.csproj", "{1623520D-9AA0-4D9B-BA1F-DA053EA97162}"
EndProject
Project("{FAE04EC0-301F-11D3-BF4B-00C04F79EFBC}") = "AuthenticationHelperTests", "AuthenticationHelperTests\AuthenticationHelperTests.csproj", "{A6497BE8-8803-48DB-8BD1-13E34A3B38AF}"
EndProject
Global
	GlobalSection(SolutionConfigurationPlatforms) = preSolution
		Debug|Any CPU = Debug|Any CPU
		Release|Any CPU = Release|Any CPU
	EndGlobalSection
	GlobalSection(ProjectConfigurationPlatforms) = postSolution
		{1623520D-9AA0-4D9B-BA1F-DA053EA97162}.Debug|Any CPU.ActiveCfg = Debug|Any CPU
		{1623520D-9AA0-4D9B-BA1F-DA053EA97162}.Debug|Any CPU.Build.0 = Debug|Any CPU
		{1623520D-9AA0-4D9B-BA1F-DA053EA97162}.Release|Any CPU.ActiveCfg = Release|Any CPU
		{1623520D-9AA0-4D9B-BA1F-DA053EA97162}.Release|Any CPU.Build.0 = Release|Any CPU
		{A6497BE8-8803-48DB-8BD1-13E34A3B38AF}.Debug|Any CPU.ActiveCfg = Debug|Any CPU
		{A6497BE8-8803-48DB-8BD1-13E34A3B38AF}.Debug|Any CPU.Build.0 = Debug|Any CPU
		{A6497BE8-8803-48DB-8BD1-13E34A3B38AF}.Release|Any CPU.ActiveCfg = Release|Any CPU
		{A6497BE8-8803-48DB-8BD1-13E34A3B38AF}.Release|Any CPU.Build.0 = Release|Any CPU
	EndGlobalSection
	GlobalSection(SolutionProperties) = preSolution
		HideSolutionNode = FALSE
	EndGlobalSection
	GlobalSection(ExtensibilityGlobals) = postSolution
		SolutionGuid = {5210F8ED-9F4A-48EE-9D05-89BBB9983B2B}
	EndGlobalSection
EndGlobal
